// !$*UTF8*$!
{
	archiveVersion = 1;
	classes = {
	};
	objectVersion = 52;
	objects = {

/* Begin PBXBuildFile section */
		9806801524FE3A57EE01FC4C /* Pods_SignIn.framework in Frameworks */ = {isa = PBXBuildFile; fileRef = 0BC6D17B435E7120AB59508B /* Pods_SignIn.framework */; };
		DF08494226DCA58900614964 /* SignInApp.swift in Sources */ = {isa = PBXBuildFile; fileRef = DF08494126DCA58900614964 /* SignInApp.swift */; };
		DF08494426DCA58900614964 /* ContentView.swift in Sources */ = {isa = PBXBuildFile; fileRef = DF08494326DCA58900614964 /* ContentView.swift */; };
		DF08494626DCA59100614964 /* Assets.xcassets in Resources */ = {isa = PBXBuildFile; fileRef = DF08494526DCA59100614964 /* Assets.xcassets */; };
		DF08494926DCA59100614964 /* Preview Assets.xcassets in Resources */ = {isa = PBXBuildFile; fileRef = DF08494826DCA59100614964 /* Preview Assets.xcassets */; };
		DF08495226DCA77D00614964 /* SEGOEUI.TTF in Resources */ = {isa = PBXBuildFile; fileRef = DF08495126DCA77D00614964 /* SEGOEUI.TTF */; };
		DF3501A926DE2A5A00A9D5EC /* iPhoneNumberField in Frameworks */ = {isa = PBXBuildFile; productRef = DF3501A826DE2A5A00A9D5EC /* iPhoneNumberField */; };
		DF3501B326DF876300A9D5EC /* font-map-segoe-ui.png in Resources */ = {isa = PBXBuildFile; fileRef = DF3501B126DF876300A9D5EC /* font-map-segoe-ui.png */; };
		DF3501B426DF876300A9D5EC /* font-map-unicode-segoe-ui.png in Resources */ = {isa = PBXBuildFile; fileRef = DF3501B226DF876300A9D5EC /* font-map-unicode-segoe-ui.png */; };
		DF3501BE26E6098B00A9D5EC /* UnderlineTextFieldView.swift in Sources */ = {isa = PBXBuildFile; fileRef = DF3501BD26E6098B00A9D5EC /* UnderlineTextFieldView.swift */; };
		DF3501C126E9010800A9D5EC /* PasswordView.swift in Sources */ = {isa = PBXBuildFile; fileRef = DF3501C026E9010800A9D5EC /* PasswordView.swift */; };
		DF3501C426E9058300A9D5EC /* PhoneNumberTextField.swift in Sources */ = {isa = PBXBuildFile; fileRef = DF3501C326E9058300A9D5EC /* PhoneNumberTextField.swift */; };
		DF3501CA26EB623F00A9D5EC /* UserInteractable.swift in Sources */ = {isa = PBXBuildFile; fileRef = DF3501C926EB623E00A9D5EC /* UserInteractable.swift */; };
		DF4F459326F87EED00F3EBFE /* PhoneNumberUITextField.swift in Sources */ = {isa = PBXBuildFile; fileRef = DF4F459226F87EED00F3EBFE /* PhoneNumberUITextField.swift */; };
		DF6DFDFB26EF40D000701A5A /* Model.swift in Sources */ = {isa = PBXBuildFile; fileRef = DF6DFDFA26EF40D000701A5A /* Model.swift */; };
		DF6DFE0026EF4ACE00701A5A /* UserViewModel.swift in Sources */ = {isa = PBXBuildFile; fileRef = DF6DFDFF26EF4ACE00701A5A /* UserViewModel.swift */; };
/* End PBXBuildFile section */

/* Begin PBXFileReference section */
		0BC6D17B435E7120AB59508B /* Pods_SignIn.framework */ = {isa = PBXFileReference; explicitFileType = wrapper.framework; includeInIndex = 0; path = Pods_SignIn.framework; sourceTree = BUILT_PRODUCTS_DIR; };
		2ED8CD087F95194FF984D839 /* Pods-SignIn.debug.xcconfig */ = {isa = PBXFileReference; includeInIndex = 1; lastKnownFileType = text.xcconfig; name = "Pods-SignIn.debug.xcconfig"; path = "Target Support Files/Pods-SignIn/Pods-SignIn.debug.xcconfig"; sourceTree = "<group>"; };
		5D10FBC57A37C1FA7B53FA7E /* Pods-SignIn.release.xcconfig */ = {isa = PBXFileReference; includeInIndex = 1; lastKnownFileType = text.xcconfig; name = "Pods-SignIn.release.xcconfig"; path = "Target Support Files/Pods-SignIn/Pods-SignIn.release.xcconfig"; sourceTree = "<group>"; };
		DF08493E26DCA58900614964 /* SignIn.app */ = {isa = PBXFileReference; explicitFileType = wrapper.application; includeInIndex = 0; path = SignIn.app; sourceTree = BUILT_PRODUCTS_DIR; };
		DF08494126DCA58900614964 /* SignInApp.swift */ = {isa = PBXFileReference; lastKnownFileType = sourcecode.swift; path = SignInApp.swift; sourceTree = "<group>"; };
		DF08494326DCA58900614964 /* ContentView.swift */ = {isa = PBXFileReference; lastKnownFileType = sourcecode.swift; path = ContentView.swift; sourceTree = "<group>"; };
		DF08494526DCA59100614964 /* Assets.xcassets */ = {isa = PBXFileReference; lastKnownFileType = folder.assetcatalog; path = Assets.xcassets; sourceTree = "<group>"; };
		DF08494826DCA59100614964 /* Preview Assets.xcassets */ = {isa = PBXFileReference; lastKnownFileType = folder.assetcatalog; path = "Preview Assets.xcassets"; sourceTree = "<group>"; };
		DF08494A26DCA59100614964 /* Info.plist */ = {isa = PBXFileReference; lastKnownFileType = text.plist.xml; path = Info.plist; sourceTree = "<group>"; };
		DF08495126DCA77D00614964 /* SEGOEUI.TTF */ = {isa = PBXFileReference; lastKnownFileType = file; path = SEGOEUI.TTF; sourceTree = "<group>"; };
		DF3501B126DF876300A9D5EC /* font-map-segoe-ui.png */ = {isa = PBXFileReference; lastKnownFileType = image.png; path = "font-map-segoe-ui.png"; sourceTree = "<group>"; };
		DF3501B226DF876300A9D5EC /* font-map-unicode-segoe-ui.png */ = {isa = PBXFileReference; lastKnownFileType = image.png; path = "font-map-unicode-segoe-ui.png"; sourceTree = "<group>"; };
		DF3501BD26E6098B00A9D5EC /* UnderlineTextFieldView.swift */ = {isa = PBXFileReference; lastKnownFileType = sourcecode.swift; path = UnderlineTextFieldView.swift; sourceTree = "<group>"; };
		DF3501C026E9010800A9D5EC /* PasswordView.swift */ = {isa = PBXFileReference; lastKnownFileType = sourcecode.swift; path = PasswordView.swift; sourceTree = "<group>"; };
		DF3501C326E9058300A9D5EC /* PhoneNumberTextField.swift */ = {isa = PBXFileReference; lastKnownFileType = sourcecode.swift; path = PhoneNumberTextField.swift; sourceTree = "<group>"; };
		DF3501C926EB623E00A9D5EC /* UserInteractable.swift */ = {isa = PBXFileReference; lastKnownFileType = sourcecode.swift; path = UserInteractable.swift; sourceTree = "<group>"; };
		DF4F459226F87EED00F3EBFE /* PhoneNumberUITextField.swift */ = {isa = PBXFileReference; lastKnownFileType = sourcecode.swift; path = PhoneNumberUITextField.swift; sourceTree = "<group>"; };
		DF6DFDFA26EF40D000701A5A /* Model.swift */ = {isa = PBXFileReference; lastKnownFileType = sourcecode.swift; path = Model.swift; sourceTree = "<group>"; };
		DF6DFDFF26EF4ACE00701A5A /* UserViewModel.swift */ = {isa = PBXFileReference; lastKnownFileType = sourcecode.swift; path = UserViewModel.swift; sourceTree = "<group>"; };
/* End PBXFileReference section */

/* Begin PBXFrameworksBuildPhase section */
		DF08493B26DCA58900614964 /* Frameworks */ = {
			isa = PBXFrameworksBuildPhase;
			buildActionMask = 2147483647;
			files = (
				DF3501A926DE2A5A00A9D5EC /* iPhoneNumberField in Frameworks */,
				9806801524FE3A57EE01FC4C /* Pods_SignIn.framework in Frameworks */,
			);
			runOnlyForDeploymentPostprocessing = 0;
		};
/* End PBXFrameworksBuildPhase section */

/* Begin PBXGroup section */
		0E4BDA48E50EF6ECF7EAB975 /* Pods */ = {
			isa = PBXGroup;
			children = (
				2ED8CD087F95194FF984D839 /* Pods-SignIn.debug.xcconfig */,
				5D10FBC57A37C1FA7B53FA7E /* Pods-SignIn.release.xcconfig */,
			);
			path = Pods;
			sourceTree = "<group>";
		};
		B3426D69E1A52896A45720DE /* Frameworks */ = {
			isa = PBXGroup;
			children = (
				0BC6D17B435E7120AB59508B /* Pods_SignIn.framework */,
			);
			name = Frameworks;
			sourceTree = "<group>";
		};
		DF07C88926F09D5A008006C2 /* ViewModels */ = {
			isa = PBXGroup;
			children = (
				DF6DFDFF26EF4ACE00701A5A /* UserViewModel.swift */,
			);
			path = ViewModels;
			sourceTree = "<group>";
		};
		DF07C88A26F09D6B008006C2 /* Views */ = {
			isa = PBXGroup;
			children = (
				DF08494326DCA58900614964 /* ContentView.swift */,
				DF3501BD26E6098B00A9D5EC /* UnderlineTextFieldView.swift */,
				DF3501C026E9010800A9D5EC /* PasswordView.swift */,
				DF3501C326E9058300A9D5EC /* PhoneNumberTextField.swift */,
				DF4F459226F87EED00F3EBFE /* PhoneNumberUITextField.swift */,
			);
			path = Views;
			sourceTree = "<group>";
		};
		DF07C88B26F09D83008006C2 /* Model */ = {
			isa = PBXGroup;
			children = (
				DF6DFDFA26EF40D000701A5A /* Model.swift */,
			);
			path = Model;
			sourceTree = "<group>";
		};
		DF08493526DCA58800614964 = {
			isa = PBXGroup;
			children = (
				DF08494026DCA58900614964 /* SignIn */,
				DF08493F26DCA58900614964 /* Products */,
				0E4BDA48E50EF6ECF7EAB975 /* Pods */,
				B3426D69E1A52896A45720DE /* Frameworks */,
			);
			sourceTree = "<group>";
		};
		DF08493F26DCA58900614964 /* Products */ = {
			isa = PBXGroup;
			children = (
				DF08493E26DCA58900614964 /* SignIn.app */,
			);
			name = Products;
			sourceTree = "<group>";
		};
		DF08494026DCA58900614964 /* SignIn */ = {
			isa = PBXGroup;
			children = (
				DF07C88B26F09D83008006C2 /* Model */,
				DF07C88A26F09D6B008006C2 /* Views */,
				DF08494126DCA58900614964 /* SignInApp.swift */,
				DF07C88926F09D5A008006C2 /* ViewModels */,
				DF3501C926EB623E00A9D5EC /* UserInteractable.swift */,
				DF08495126DCA77D00614964 /* SEGOEUI.TTF */,
				DF3501B126DF876300A9D5EC /* font-map-segoe-ui.png */,
				DF3501B226DF876300A9D5EC /* font-map-unicode-segoe-ui.png */,
				DF08494526DCA59100614964 /* Assets.xcassets */,
				DF08494A26DCA59100614964 /* Info.plist */,
				DF08494726DCA59100614964 /* Preview Content */,
			);
			path = SignIn;
			sourceTree = "<group>";
		};
		DF08494726DCA59100614964 /* Preview Content */ = {
			isa = PBXGroup;
			children = (
				DF08494826DCA59100614964 /* Preview Assets.xcassets */,
			);
			path = "Preview Content";
			sourceTree = "<group>";
		};
/* End PBXGroup section */

/* Begin PBXNativeTarget section */
		DF08493D26DCA58900614964 /* SignIn */ = {
			isa = PBXNativeTarget;
			buildConfigurationList = DF08494D26DCA59100614964 /* Build configuration list for PBXNativeTarget "SignIn" */;
			buildPhases = (
				CC87C9A9CAF582F498B57CF6 /* [CP] Check Pods Manifest.lock */,
				DF08493A26DCA58900614964 /* Sources */,
				DF08493B26DCA58900614964 /* Frameworks */,
				DF08493C26DCA58900614964 /* Resources */,
				F3EC1C507E07D87C888629FF /* [CP] Embed Pods Frameworks */,
			);
			buildRules = (
			);
			dependencies = (
			);
			name = SignIn;
			packageProductDependencies = (
				DF3501A826DE2A5A00A9D5EC /* iPhoneNumberField */,
			);
			productName = SignIn;
			productReference = DF08493E26DCA58900614964 /* SignIn.app */;
			productType = "com.apple.product-type.application";
		};
/* End PBXNativeTarget section */

/* Begin PBXProject section */
		DF08493626DCA58800614964 /* Project object */ = {
			isa = PBXProject;
			attributes = {
				LastSwiftUpdateCheck = 1240;
				LastUpgradeCheck = 1240;
				TargetAttributes = {
					DF08493D26DCA58900614964 = {
						CreatedOnToolsVersion = 12.4;
					};
				};
			};
			buildConfigurationList = DF08493926DCA58800614964 /* Build configuration list for PBXProject "SignIn" */;
			compatibilityVersion = "Xcode 9.3";
			developmentRegion = en;
			hasScannedForEncodings = 0;
			knownRegions = (
				en,
				Base,
			);
			mainGroup = DF08493526DCA58800614964;
			packageReferences = (
				DF3501A726DE2A5A00A9D5EC /* XCRemoteSwiftPackageReference "iPhoneNumberField" */,
			);
			productRefGroup = DF08493F26DCA58900614964 /* Products */;
			projectDirPath = "";
			projectRoot = "";
			targets = (
				DF08493D26DCA58900614964 /* SignIn */,
			);
		};
/* End PBXProject section */

/* Begin PBXResourcesBuildPhase section */
		DF08493C26DCA58900614964 /* Resources */ = {
			isa = PBXResourcesBuildPhase;
			buildActionMask = 2147483647;
			files = (
				DF08494926DCA59100614964 /* Preview Assets.xcassets in Resources */,
				DF3501B326DF876300A9D5EC /* font-map-segoe-ui.png in Resources */,
				DF08494626DCA59100614964 /* Assets.xcassets in Resources */,
				DF08495226DCA77D00614964 /* SEGOEUI.TTF in Resources */,
				DF3501B426DF876300A9D5EC /* font-map-unicode-segoe-ui.png in Resources */,
			);
			runOnlyForDeploymentPostprocessing = 0;
		};
/* End PBXResourcesBuildPhase section */

/* Begin PBXShellScriptBuildPhase section */
		CC87C9A9CAF582F498B57CF6 /* [CP] Check Pods Manifest.lock */ = {
			isa = PBXShellScriptBuildPhase;
			buildActionMask = 2147483647;
			files = (
			);
			inputFileListPaths = (
			);
			inputPaths = (
				"${PODS_PODFILE_DIR_PATH}/Podfile.lock",
				"${PODS_ROOT}/Manifest.lock",
			);
			name = "[CP] Check Pods Manifest.lock";
			outputFileListPaths = (
			);
			outputPaths = (
				"$(DERIVED_FILE_DIR)/Pods-SignIn-checkManifestLockResult.txt",
			);
			runOnlyForDeploymentPostprocessing = 0;
			shellPath = /bin/sh;
			shellScript = "diff \"${PODS_PODFILE_DIR_PATH}/Podfile.lock\" \"${PODS_ROOT}/Manifest.lock\" > /dev/null\nif [ $? != 0 ] ; then\n    # print error to STDERR\n    echo \"error: The sandbox is not in sync with the Podfile.lock. Run 'pod install' or update your CocoaPods installation.\" >&2\n    exit 1\nfi\n# This output is used by Xcode 'outputs' to avoid re-running this script phase.\necho \"SUCCESS\" > \"${SCRIPT_OUTPUT_FILE_0}\"\n";
			showEnvVarsInLog = 0;
		};
		F3EC1C507E07D87C888629FF /* [CP] Embed Pods Frameworks */ = {
			isa = PBXShellScriptBuildPhase;
			buildActionMask = 2147483647;
			files = (
			);
			inputFileListPaths = (
				"${PODS_ROOT}/Target Support Files/Pods-SignIn/Pods-SignIn-frameworks-${CONFIGURATION}-input-files.xcfilelist",
			);
			name = "[CP] Embed Pods Frameworks";
			outputFileListPaths = (
				"${PODS_ROOT}/Target Support Files/Pods-SignIn/Pods-SignIn-frameworks-${CONFIGURATION}-output-files.xcfilelist",
			);
			runOnlyForDeploymentPostprocessing = 0;
			shellPath = /bin/sh;
			shellScript = "\"${PODS_ROOT}/Target Support Files/Pods-SignIn/Pods-SignIn-frameworks.sh\"\n";
			showEnvVarsInLog = 0;
		};
/* End PBXShellScriptBuildPhase section */

/* Begin PBXSourcesBuildPhase section */
		DF08493A26DCA58900614964 /* Sources */ = {
			isa = PBXSourcesBuildPhase;
			buildActionMask = 2147483647;
			files = (
				DF6DFDFB26EF40D000701A5A /* Model.swift in Sources */,
				DF08494426DCA58900614964 /* ContentView.swift in Sources */,
				DF6DFE0026EF4ACE00701A5A /* UserViewModel.swift in Sources */,
				DF4F459326F87EED00F3EBFE /* PhoneNumberUITextField.swift in Sources */,
				DF3501CA26EB623F00A9D5EC /* UserInteractable.swift in Sources */,
				DF3501C426E9058300A9D5EC /* PhoneNumberTextField.swift in Sources */,
				DF3501C126E9010800A9D5EC /* PasswordView.swift in Sources */,
				DF08494226DCA58900614964 /* SignInApp.swift in Sources */,
				DF3501BE26E6098B00A9D5EC /* UnderlineTextFieldView.swift in Sources */,
			);
			runOnlyForDeploymentPostprocessing = 0;
		};
/* End PBXSourcesBuildPhase section */

/* Begin XCBuildConfiguration section */
		DF08494B26DCA59100614964 /* Debug */ = {
			isa = XCBuildConfiguration;
			buildSettings = {
				ALWAYS_SEARCH_USER_PATHS = NO;
				CLANG_ANALYZER_NONNULL = YES;
				CLANG_ANALYZER_NUMBER_OBJECT_CONVERSION = YES_AGGRESSIVE;
				CLANG_CXX_LANGUAGE_STANDARD = "gnu++14";
				CLANG_CXX_LIBRARY = "libc++";
				CLANG_ENABLE_MODULES = YES;
				CLANG_ENABLE_OBJC_ARC = YES;
				CLANG_ENABLE_OBJC_WEAK = YES;
				CLANG_WARN_BLOCK_CAPTURE_AUTORELEASING = YES;
				CLANG_WARN_BOOL_CONVERSION = YES;
				CLANG_WARN_COMMA = YES;
				CLANG_WARN_CONSTANT_CONVERSION = YES;
				CLANG_WARN_DEPRECATED_OBJC_IMPLEMENTATIONS = YES;
				CLANG_WARN_DIRECT_OBJC_ISA_USAGE = YES_ERROR;
				CLANG_WARN_DOCUMENTATION_COMMENTS = YES;
				CLANG_WARN_EMPTY_BODY = YES;
				CLANG_WARN_ENUM_CONVERSION = YES;
				CLANG_WARN_INFINITE_RECURSION = YES;
				CLANG_WARN_INT_CONVERSION = YES;
				CLANG_WARN_NON_LITERAL_NULL_CONVERSION = YES;
				CLANG_WARN_OBJC_IMPLICIT_RETAIN_SELF = YES;
				CLANG_WARN_OBJC_LITERAL_CONVERSION = YES;
				CLANG_WARN_OBJC_ROOT_CLASS = YES_ERROR;
				CLANG_WARN_QUOTED_INCLUDE_IN_FRAMEWORK_HEADER = YES;
				CLANG_WARN_RANGE_LOOP_ANALYSIS = YES;
				CLANG_WARN_STRICT_PROTOTYPES = YES;
				CLANG_WARN_SUSPICIOUS_MOVE = YES;
				CLANG_WARN_UNGUARDED_AVAILABILITY = YES_AGGRESSIVE;
				CLANG_WARN_UNREACHABLE_CODE = YES;
				CLANG_WARN__DUPLICATE_METHOD_MATCH = YES;
				COPY_PHASE_STRIP = NO;
				DEBUG_INFORMATION_FORMAT = dwarf;
				ENABLE_STRICT_OBJC_MSGSEND = YES;
				ENABLE_TESTABILITY = YES;
				GCC_C_LANGUAGE_STANDARD = gnu11;
				GCC_DYNAMIC_NO_PIC = NO;
				GCC_NO_COMMON_BLOCKS = YES;
				GCC_OPTIMIZATION_LEVEL = 0;
				GCC_PREPROCESSOR_DEFINITIONS = (
					"DEBUG=1",
					"$(inherited)",
				);
				GCC_WARN_64_TO_32_BIT_CONVERSION = YES;
				GCC_WARN_ABOUT_RETURN_TYPE = YES_ERROR;
				GCC_WARN_UNDECLARED_SELECTOR = YES;
				GCC_WARN_UNINITIALIZED_AUTOS = YES_AGGRESSIVE;
				GCC_WARN_UNUSED_FUNCTION = YES;
				GCC_WARN_UNUSED_VARIABLE = YES;
				IPHONEOS_DEPLOYMENT_TARGET = 14.4;
				MTL_ENABLE_DEBUG_INFO = INCLUDE_SOURCE;
				MTL_FAST_MATH = YES;
				ONLY_ACTIVE_ARCH = YES;
				SDKROOT = iphoneos;
				SWIFT_ACTIVE_COMPILATION_CONDITIONS = DEBUG;
				SWIFT_OPTIMIZATION_LEVEL = "-Onone";
			};
			name = Debug;
		};
		DF08494C26DCA59100614964 /* Release */ = {
			isa = XCBuildConfiguration;
			buildSettings = {
				ALWAYS_SEARCH_USER_PATHS = NO;
				CLANG_ANALYZER_NONNULL = YES;
				CLANG_ANALYZER_NUMBER_OBJECT_CONVERSION = YES_AGGRESSIVE;
				CLANG_CXX_LANGUAGE_STANDARD = "gnu++14";
				CLANG_CXX_LIBRARY = "libc++";
				CLANG_ENABLE_MODULES = YES;
				CLANG_ENABLE_OBJC_ARC = YES;
				CLANG_ENABLE_OBJC_WEAK = YES;
				CLANG_WARN_BLOCK_CAPTURE_AUTORELEASING = YES;
				CLANG_WARN_BOOL_CONVERSION = YES;
				CLANG_WARN_COMMA = YES;
				CLANG_WARN_CONSTANT_CONVERSION = YES;
				CLANG_WARN_DEPRECATED_OBJC_IMPLEMENTATIONS = YES;
				CLANG_WARN_DIRECT_OBJC_ISA_USAGE = YES_ERROR;
				CLANG_WARN_DOCUMENTATION_COMMENTS = YES;
				CLANG_WARN_EMPTY_BODY = YES;
				CLANG_WARN_ENUM_CONVERSION = YES;
				CLANG_WARN_INFINITE_RECURSION = YES;
				CLANG_WARN_INT_CONVERSION = YES;
				CLANG_WARN_NON_LITERAL_NULL_CONVERSION = YES;
				CLANG_WARN_OBJC_IMPLICIT_RETAIN_SELF = YES;
				CLANG_WARN_OBJC_LITERAL_CONVERSION = YES;
				CLANG_WARN_OBJC_ROOT_CLASS = YES_ERROR;
				CLANG_WARN_QUOTED_INCLUDE_IN_FRAMEWORK_HEADER = YES;
				CLANG_WARN_RANGE_LOOP_ANALYSIS = YES;
				CLANG_WARN_STRICT_PROTOTYPES = YES;
				CLANG_WARN_SUSPICIOUS_MOVE = YES;
				CLANG_WARN_UNGUARDED_AVAILABILITY = YES_AGGRESSIVE;
				CLANG_WARN_UNREACHABLE_CODE = YES;
				CLANG_WARN__DUPLICATE_METHOD_MATCH = YES;
				COPY_PHASE_STRIP = NO;
				DEBUG_INFORMATION_FORMAT = "dwarf-with-dsym";
				ENABLE_NS_ASSERTIONS = NO;
				ENABLE_STRICT_OBJC_MSGSEND = YES;
				GCC_C_LANGUAGE_STANDARD = gnu11;
				GCC_NO_COMMON_BLOCKS = YES;
				GCC_WARN_64_TO_32_BIT_CONVERSION = YES;
				GCC_WARN_ABOUT_RETURN_TYPE = YES_ERROR;
				GCC_WARN_UNDECLARED_SELECTOR = YES;
				GCC_WARN_UNINITIALIZED_AUTOS = YES_AGGRESSIVE;
				GCC_WARN_UNUSED_FUNCTION = YES;
				GCC_WARN_UNUSED_VARIABLE = YES;
				IPHONEOS_DEPLOYMENT_TARGET = 14.4;
				MTL_ENABLE_DEBUG_INFO = NO;
				MTL_FAST_MATH = YES;
				SDKROOT = iphoneos;
				SWIFT_COMPILATION_MODE = wholemodule;
				SWIFT_OPTIMIZATION_LEVEL = "-O";
				VALIDATE_PRODUCT = YES;
			};
			name = Release;
		};
		DF08494E26DCA59100614964 /* Debug */ = {
			isa = XCBuildConfiguration;
			baseConfigurationReference = 2ED8CD087F95194FF984D839 /* Pods-SignIn.debug.xcconfig */;
			buildSettings = {
				ASSETCATALOG_COMPILER_APPICON_NAME = AppIcon;
				ASSETCATALOG_COMPILER_GLOBAL_ACCENT_COLOR_NAME = AccentColor;
				CODE_SIGN_STYLE = Automatic;
				DEVELOPMENT_ASSET_PATHS = "\"SignIn/Preview Content\"";
				DEVELOPMENT_TEAM = 5ULAX9V4M6;
				ENABLE_PREVIEWS = YES;
				INFOPLIST_FILE = SignIn/Info.plist;
				IPHONEOS_DEPLOYMENT_TARGET = 14.0;
				LD_RUNPATH_SEARCH_PATHS = (
					"$(inherited)",
					"@executable_path/Frameworks",
				);
				PRODUCT_BUNDLE_IDENTIFIER = com.example.SignIn;
				PRODUCT_NAME = "$(TARGET_NAME)";
				SWIFT_VERSION = 5.0;
				TARGETED_DEVICE_FAMILY = "1,2";
			};
			name = Debug;
		};
		DF08494F26DCA59100614964 /* Release */ = {
			isa = XCBuildConfiguration;
			baseConfigurationReference = 5D10FBC57A37C1FA7B53FA7E /* Pods-SignIn.release.xcconfig */;
			buildSettings = {
				ASSETCATALOG_COMPILER_APPICON_NAME = AppIcon;
				ASSETCATALOG_COMPILER_GLOBAL_ACCENT_COLOR_NAME = AccentColor;
				CODE_SIGN_STYLE = Automatic;
				DEVELOPMENT_ASSET_PATHS = "\"SignIn/Preview Content\"";
				DEVELOPMENT_TEAM = 5ULAX9V4M6;
				ENABLE_PREVIEWS = YES;
				INFOPLIST_FILE = SignIn/Info.plist;
				IPHONEOS_DEPLOYMENT_TARGET = 14.0;
				LD_RUNPATH_SEARCH_PATHS = (
					"$(inherited)",
					"@executable_path/Frameworks",
				);
				PRODUCT_BUNDLE_IDENTIFIER = com.example.SignIn;
				PRODUCT_NAME = "$(TARGET_NAME)";
				SWIFT_VERSION = 5.0;
				TARGETED_DEVICE_FAMILY = "1,2";
			};
			name = Release;
		};
/* End XCBuildConfiguration section */

/* Begin XCConfigurationList section */
		DF08493926DCA58800614964 /* Build configuration list for PBXProject "SignIn" */ = {
			isa = XCConfigurationList;
			buildConfigurations = (
				DF08494B26DCA59100614964 /* Debug */,
				DF08494C26DCA59100614964 /* Release */,
			);
			defaultConfigurationIsVisible = 0;
			defaultConfigurationName = Release;
		};
		DF08494D26DCA59100614964 /* Build configuration list for PBXNativeTarget "SignIn" */ = {
			isa = XCConfigurationList;
			buildConfigurations = (
				DF08494E26DCA59100614964 /* Debug */,
				DF08494F26DCA59100614964 /* Release */,
			);
			defaultConfigurationIsVisible = 0;
			defaultConfigurationName = Release;
		};
/* End XCConfigurationList section */

/* Begin XCRemoteSwiftPackageReference section */
		DF3501A726DE2A5A00A9D5EC /* XCRemoteSwiftPackageReference "iPhoneNumberField" */ = {
			isa = XCRemoteSwiftPackageReference;
			repositoryURL = "https://github.com/MojtabaHs/iPhoneNumberField.git";
			requirement = {
				kind = upToNextMajorVersion;
				minimumVersion = 0.6.1;
			};
		};
/* End XCRemoteSwiftPackageReference section */

/* Begin XCSwiftPackageProductDependency section */
		DF3501A826DE2A5A00A9D5EC /* iPhoneNumberField */ = {
			isa = XCSwiftPackageProductDependency;
			package = DF3501A726DE2A5A00A9D5EC /* XCRemoteSwiftPackageReference "iPhoneNumberField" */;
			productName = iPhoneNumberField;
		};
/* End XCSwiftPackageProductDependency section */
	};
	rootObject = DF08493626DCA58800614964 /* Project object */;
}
